
Microsoft Visual Studio Solution File, Format Version 12.00
# Visual Studio 15
VisualStudioVersion = 15.0.28010.0
MinimumVisualStudioVersion = 10.0.40219.1
Project("{FAE04EC0-301F-11D3-BF4B-00C04F79EFBC}") = "XamlSamples.Android", "XamlSamples\XamlSamples.Android\XamlSamples.Android.csproj", "{DAF60D30-B2F5-40C7-95B3-DE2C84B9E0D5}"
EndProject
Project("{FAE04EC0-301F-11D3-BF4B-00C04F79EFBC}") = "XamlSamples.iOS", "XamlSamples\XamlSamples.iOS\XamlSamples.iOS.csproj", "{E27488BD-475A-403A-AADD-B04AC19D200A}"
EndProject
Project("{FAE04EC0-301F-11D3-BF4B-00C04F79EFBC}") = "XamlSamples", "XamlSamples\XamlSamples\XamlSamples.csproj", "{7EDDE0A5-2227-4607-AD7A-30682436E2BF}"
EndProject
Global
	GlobalSection(SolutionConfigurationPlatforms) = preSolution
		Ad-Hoc|Any CPU = Ad-Hoc|Any CPU
		Ad-Hoc|iPhone = Ad-Hoc|iPhone
		Ad-Hoc|iPhoneSimulator = Ad-Hoc|iPhoneSimulator
		AppStore|Any CPU = AppStore|Any CPU
		AppStore|iPhone = AppStore|iPhone
		AppStore|iPhoneSimulator = AppStore|iPhoneSimulator
		Debug|Any CPU = Debug|Any CPU
		Debug|iPhone = Debug|iPhone
		Debug|iPhoneSimulator = Debug|iPhoneSimulator
		Release|Any CPU = Release|Any CPU
		Release|iPhone = Release|iPhone
		Release|iPhoneSimulator = Release|iPhoneSimulator
	EndGlobalSection
	GlobalSection(ProjectConfigurationPlatforms) = postSolution
		{DAF60D30-B2F5-40C7-95B3-DE2C84B9E0D5}.Ad-Hoc|Any CPU.ActiveCfg = Release|Any CPU
		{DAF60D30-B2F5-40C7-95B3-DE2C84B9E0D5}.Ad-Hoc|Any CPU.Build.0 = Release|Any CPU
		{DAF60D30-B2F5-40C7-95B3-DE2C84B9E0D5}.Ad-Hoc|Any CPU.Deploy.0 = Release|Any CPU
		{DAF60D30-B2F5-40C7-95B3-DE2C84B9E0D5}.Ad-Hoc|iPhone.ActiveCfg = Release|Any CPU
		{DAF60D30-B2F5-40C7-95B3-DE2C84B9E0D5}.Ad-Hoc|iPhone.Build.0 = Release|Any CPU
		{DAF60D30-B2F5-40C7-95B3-DE2C84B9E0D5}.Ad-Hoc|iPhone.Deploy.0 = Release|Any CPU
		{DAF60D30-B2F5-40C7-95B3-DE2C84B9E0D5}.Ad-Hoc|iPhoneSimulator.ActiveCfg = Release|Any CPU
		{DAF60D30-B2F5-40C7-95B3-DE2C84B9E0D5}.Ad-Hoc|iPhoneSimulator.Build.0 = Release|Any CPU
		{DAF60D30-B2F5-40C7-95B3-DE2C84B9E0D5}.Ad-Hoc|iPhoneSimulator.Deploy.0 = Release|Any CPU
		{DAF60D30-B2F5-40C7-95B3-DE2C84B9E0D5}.AppStore|Any CPU.ActiveCfg = Release|Any CPU
		{DAF60D30-B2F5-40C7-95B3-DE2C84B9E0D5}.AppStore|Any CPU.Build.0 = Release|Any CPU
		{DAF60D30-B2F5-40C7-95B3-DE2C84B9E0D5}.AppStore|Any CPU.Deploy.0 = Release|Any CPU
		{DAF60D30-B2F5-40C7-95B3-DE2C84B9E0D5}.AppStore|iPhone.ActiveCfg = Release|Any CPU
		{DAF60D30-B2F5-40C7-95B3-DE2C84B9E0D5}.AppStore|iPhone.Build.0 = Release|Any CPU
		{DAF60D30-B2F5-40C7-95B3-DE2C84B9E0D5}.AppStore|iPhone.Deploy.0 = Release|Any CPU
		{DAF60D30-B2F5-40C7-95B3-DE2C84B9E0D5}.AppStore|iPhoneSimulator.ActiveCfg = Release|Any CPU
		{DAF60D30-B2F5-40C7-95B3-DE2C84B9E0D5}.AppStore|iPhoneSimulator.Build.0 = Release|Any CPU
		{DAF60D30-B2F5-40C7-95B3-DE2C84B9E0D5}.AppStore|iPhoneSimulator.Deploy.0 = Release|Any CPU
		{DAF60D30-B2F5-40C7-95B3-DE2C84B9E0D5}.Debug|Any CPU.ActiveCfg = Debug|Any CPU
		{DAF60D30-B2F5-40C7-95B3-DE2C84B9E0D5}.Debug|Any CPU.Build.0 = Debug|Any CPU
		{DAF60D30-B2F5-40C7-95B3-DE2C84B9E0D5}.Debug|Any CPU.Deploy.0 = Debug|Any CPU
		{DAF60D30-B2F5-40C7-95B3-DE2C84B9E0D5}.Debug|iPhone.ActiveCfg = Debug|Any CPU
		{DAF60D30-B2F5-40C7-95B3-DE2C84B9E0D5}.Debug|iPhone.Build.0 = Debug|Any CPU
		{DAF60D30-B2F5-40C7-95B3-DE2C84B9E0D5}.Debug|iPhone.Deploy.0 = Debug|Any CPU
		{DAF60D30-B2F5-40C7-95B3-DE2C84B9E0D5}.Debug|iPhoneSimulator.ActiveCfg = Debug|Any CPU
		{DAF60D30-B2F5-40C7-95B3-DE2C84B9E0D5}.Debug|iPhoneSimulator.Build.0 = Debug|Any CPU
		{DAF60D30-B2F5-40C7-95B3-DE2C84B9E0D5}.Debug|iPhoneSimulator.Deploy.0 = Debug|Any CPU
		{DAF60D30-B2F5-40C7-95B3-DE2C84B9E0D5}.Release|Any CPU.ActiveCfg = Release|Any CPU
		{DAF60D30-B2F5-40C7-95B3-DE2C84B9E0D5}.Release|Any CPU.Build.0 = Release|Any CPU
		{DAF60D30-B2F5-40C7-95B3-DE2C84B9E0D5}.Release|Any CPU.Deploy.0 = Release|Any CPU
		{DAF60D30-B2F5-40C7-95B3-DE2C84B9E0D5}.Release|iPhone.ActiveCfg = Release|Any CPU
		{DAF60D30-B2F5-40C7-95B3-DE2C84B9E0D5}.Release|iPhone.Build.0 = Release|Any CPU
		{DAF60D30-B2F5-40C7-95B3-DE2C84B9E0D5}.Release|iPhone.Deploy.0 = Release|Any CPU
		{DAF60D30-B2F5-40C7-95B3-DE2C84B9E0D5}.Release|iPhoneSimulator.ActiveCfg = Release|Any CPU
		{DAF60D30-B2F5-40C7-95B3-DE2C84B9E0D5}.Release|iPhoneSimulator.Build.0 = Release|Any CPU
		{DAF60D30-B2F5-40C7-95B3-DE2C84B9E0D5}.Release|iPhoneSimulator.Deploy.0 = Release|Any CPU
		{E27488BD-475A-403A-AADD-B04AC19D200A}.Ad-Hoc|Any CPU.ActiveCfg = Ad-Hoc|iPhone
		{E27488BD-475A-403A-AADD-B04AC19D200A}.Ad-Hoc|Any CPU.Build.0 = Ad-Hoc|iPhone
		{E27488BD-475A-403A-AADD-B04AC19D200A}.Ad-Hoc|Any CPU.Deploy.0 = Ad-Hoc|iPhone
		{E27488BD-475A-403A-AADD-B04AC19D200A}.Ad-Hoc|iPhone.ActiveCfg = Ad-Hoc|iPhone
		{E27488BD-475A-403A-AADD-B04AC19D200A}.Ad-Hoc|iPhone.Build.0 = Ad-Hoc|iPhone
		{E27488BD-475A-403A-AADD-B04AC19D200A}.Ad-Hoc|iPhone.Deploy.0 = Ad-Hoc|iPhone
		{E27488BD-475A-403A-AADD-B04AC19D200A}.Ad-Hoc|iPhoneSimulator.ActiveCfg = Ad-Hoc|iPhoneSimulator
		{E27488BD-475A-403A-AADD-B04AC19D200A}.Ad-Hoc|iPhoneSimulator.Build.0 = Ad-Hoc|iPhoneSimulator
		{E27488BD-475A-403A-AADD-B04AC19D200A}.Ad-Hoc|iPhoneSimulator.Deploy.0 = Ad-Hoc|iPhoneSimulator
		{E27488BD-475A-403A-AADD-B04AC19D200A}.AppStore|Any CPU.ActiveCfg = AppStore|iPhone
		{E27488BD-475A-403A-AADD-B04AC19D200A}.AppStore|Any CPU.Build.0 = AppStore|iPhone
		{E27488BD-475A-403A-AADD-B04AC19D200A}.AppStore|Any CPU.Deploy.0 = AppStore|iPhone
		{E27488BD-475A-403A-AADD-B04AC19D200A}.AppStore|iPhone.ActiveCfg = AppStore|iPhone
		{E27488BD-475A-403A-AADD-B04AC19D200A}.AppStore|iPhone.Build.0 = AppStore|iPhone
		{E27488BD-475A-403A-AADD-B04AC19D200A}.AppStore|iPhone.Deploy.0 = AppStore|iPhone
		{E27488BD-475A-403A-AADD-B04AC19D200A}.AppStore|iPhoneSimulator.ActiveCfg = AppStore|iPhoneSimulator
		{E27488BD-475A-403A-AADD-B04AC19D200A}.AppStore|iPhoneSimulator.Build.0 = AppStore|iPhoneSimulator
		{E27488BD-475A-403A-AADD-B04AC19D200A}.AppStore|iPhoneSimulator.Deploy.0 = AppStore|iPhoneSimulator
		{E27488BD-475A-403A-AADD-B04AC19D200A}.Debug|Any CPU.ActiveCfg = Debug|iPhone
		{E27488BD-475A-403A-AADD-B04AC19D200A}.Debug|Any CPU.Build.0 = Debug|iPhone
		{E27488BD-475A-403A-AADD-B04AC19D200A}.Debug|Any CPU.Deploy.0 = Debug|iPhone
		{E27488BD-475A-403A-AADD-B04AC19D200A}.Debug|iPhone.ActiveCfg = Debug|iPhone
		{E27488BD-475A-403A-AADD-B04AC19D200A}.Debug|iPhone.Build.0 = Debug|iPhone
		{E27488BD-475A-403A-AADD-B04AC19D200A}.Debug|iPhone.Deploy.0 = Debug|iPhone
		{E27488BD-475A-403A-AADD-B04AC19D200A}.Debug|iPhoneSimulator.ActiveCfg = Debug|iPhoneSimulator
		{E27488BD-475A-403A-AADD-B04AC19D200A}.Debug|iPhoneSimulator.Build.0 = Debug|iPhoneSimulator
		{E27488BD-475A-403A-AADD-B04AC19D200A}.Debug|iPhoneSimulator.Deploy.0 = Debug|iPhoneSimulator
		{E27488BD-475A-403A-AADD-B04AC19D200A}.Release|Any CPU.ActiveCfg = Release|iPhone
		{E27488BD-475A-403A-AADD-B04AC19D200A}.Release|Any CPU.Build.0 = Release|iPhone
		{E27488BD-475A-403A-AADD-B04AC19D200A}.Release|Any CPU.Deploy.0 = Release|iPhone
		{E27488BD-475A-403A-AADD-B04AC19D200A}.Release|iPhone.ActiveCfg = Release|iPhone
		{E27488BD-475A-403A-AADD-B04AC19D200A}.Release|iPhone.Build.0 = Release|iPhone
		{E27488BD-475A-403A-AADD-B04AC19D200A}.Release|iPhone.Deploy.0 = Release|iPhone
		{E27488BD-475A-403A-AADD-B04AC19D200A}.Release|iPhoneSimulator.ActiveCfg = Release|iPhoneSimulator
		{E27488BD-475A-403A-AADD-B04AC19D200A}.Release|iPhoneSimulator.Build.0 = Release|iPhoneSimulator
		{E27488BD-475A-403A-AADD-B04AC19D200A}.Release|iPhoneSimulator.Deploy.0 = Release|iPhoneSimulator
		{7EDDE0A5-2227-4607-AD7A-30682436E2BF}.Ad-Hoc|Any CPU.ActiveCfg = Debug|Any CPU
		{7EDDE0A5-2227-4607-AD7A-30682436E2BF}.Ad-Hoc|Any CPU.Build.0 = Debug|Any CPU
		{7EDDE0A5-2227-4607-AD7A-30682436E2BF}.Ad-Hoc|Any CPU.Deploy.0 = Debug|Any CPU
		{7EDDE0A5-2227-4607-AD7A-30682436E2BF}.Ad-Hoc|iPhone.ActiveCfg = Debug|Any CPU
		{7EDDE0A5-2227-4607-AD7A-30682436E2BF}.Ad-Hoc|iPhone.Build.0 = Debug|Any CPU
		{7EDDE0A5-2227-4607-AD7A-30682436E2BF}.Ad-Hoc|iPhone.Deploy.0 = Debug|Any CPU
		{7EDDE0A5-2227-4607-AD7A-30682436E2BF}.Ad-Hoc|iPhoneSimulator.ActiveCfg = Debug|Any CPU
		{7EDDE0A5-2227-4607-AD7A-30682436E2BF}.Ad-Hoc|iPhoneSimulator.Build.0 = Debug|Any CPU
		{7EDDE0A5-2227-4607-AD7A-30682436E2BF}.Ad-Hoc|iPhoneSimulator.Deploy.0 = Debug|Any CPU
		{7EDDE0A5-2227-4607-AD7A-30682436E2BF}.AppStore|Any CPU.ActiveCfg = Debug|Any CPU
		{7EDDE0A5-2227-4607-AD7A-30682436E2BF}.AppStore|Any CPU.Build.0 = Debug|Any CPU
		{7EDDE0A5-2227-4607-AD7A-30682436E2BF}.AppStore|Any CPU.Deploy.0 = Debug|Any CPU
		{7EDDE0A5-2227-4607-AD7A-30682436E2BF}.AppStore|iPhone.ActiveCfg = Debug|Any CPU
		{7EDDE0A5-2227-4607-AD7A-30682436E2BF}.AppStore|iPhone.Build.0 = Debug|Any CPU
		{7EDDE0A5-2227-4607-AD7A-30682436E2BF}.AppStore|iPhone.Deploy.0 = Debug|Any CPU
		{7EDDE0A5-2227-4607-AD7A-30682436E2BF}.AppStore|iPhoneSimulator.ActiveCfg = Debug|Any CPU
		{7EDDE0A5-2227-4607-AD7A-30682436E2BF}.AppStore|iPhoneSimulator.Build.0 = Debug|Any CPU
		{7EDDE0A5-2227-4607-AD7A-30682436E2BF}.AppStore|iPhoneSimulator.Deploy.0 = Debug|Any CPU
		{7EDDE0A5-2227-4607-AD7A-30682436E2BF}.Debug|Any CPU.ActiveCfg = Debug|Any CPU
		{7EDDE0A5-2227-4607-AD7A-30682436E2BF}.Debug|Any CPU.Build.0 = Debug|Any CPU
		{7EDDE0A5-2227-4607-AD7A-30682436E2BF}.Debug|Any CPU.Deploy.0 = Debug|Any CPU
		{7EDDE0A5-2227-4607-AD7A-30682436E2BF}.Debug|iPhone.ActiveCfg = Debug|Any CPU
		{7EDDE0A5-2227-4607-AD7A-30682436E2BF}.Debug|iPhone.Build.0 = Debug|Any CPU
		{7EDDE0A5-2227-4607-AD7A-30682436E2BF}.Debug|iPhone.Deploy.0 = Debug|Any CPU
		{7EDDE0A5-2227-4607-AD7A-30682436E2BF}.Debug|iPhoneSimulator.ActiveCfg = Debug|Any CPU
		{7EDDE0A5-2227-4607-AD7A-30682436E2BF}.Debug|iPhoneSimulator.Build.0 = Debug|Any CPU
		{7EDDE0A5-2227-4607-AD7A-30682436E2BF}.Debug|iPhoneSimulator.Deploy.0 = Debug|Any CPU
		{7EDDE0A5-2227-4607-AD7A-30682436E2BF}.Release|Any CPU.ActiveCfg = Release|Any CPU
		{7EDDE0A5-2227-4607-AD7A-30682436E2BF}.Release|Any CPU.Build.0 = Release|Any CPU
		{7EDDE0A5-2227-4607-AD7A-30682436E2BF}.Release|Any CPU.Deploy.0 = Release|Any CPU
		{7EDDE0A5-2227-4607-AD7A-30682436E2BF}.Release|iPhone.ActiveCfg = Release|Any CPU
		{7EDDE0A5-2227-4607-AD7A-30682436E2BF}.Release|iPhone.Build.0 = Release|Any CPU
		{7EDDE0A5-2227-4607-AD7A-30682436E2BF}.Release|iPhone.Deploy.0 = Release|Any CPU
		{7EDDE0A5-2227-4607-AD7A-30682436E2BF}.Release|iPhoneSimulator.ActiveCfg = Release|Any CPU
		{7EDDE0A5-2227-4607-AD7A-30682436E2BF}.Release|iPhoneSimulator.Build.0 = Release|Any CPU
		{7EDDE0A5-2227-4607-AD7A-30682436E2BF}.Release|iPhoneSimulator.Deploy.0 = Release|Any CPU
	EndGlobalSection
	GlobalSection(SolutionProperties) = preSolution
		HideSolutionNode = FALSE
	EndGlobalSection
	GlobalSection(ExtensibilityGlobals) = postSolution
		SolutionGuid = {7ED74E45-9835-4084-A8F4-80C89B3F4B2C}
	EndGlobalSection
EndGlobal
