
Microsoft Visual Studio Solution File, Format Version 12.00
# Visual Studio 15
VisualStudioVersion = 15.0.28010.0
MinimumVisualStudioVersion = 10.0.40219.1
Project("{FAE04EC0-301F-11D3-BF4B-00C04F79EFBC}") = "XamlSamples.Android", "XamlSamples\XamlSamples.Android\XamlSamples.Android.csproj", "{4E8F39B5-62F7-490F-9710-B90E595D8CF6}"
EndProject
Project("{FAE04EC0-301F-11D3-BF4B-00C04F79EFBC}") = "XamlSamples.iOS", "XamlSamples\XamlSamples.iOS\XamlSamples.iOS.csproj", "{1AE5B99A-5B7C-4165-B3E5-A6418DCD43D5}"
EndProject
Project("{FAE04EC0-301F-11D3-BF4B-00C04F79EFBC}") = "XamlSamples", "XamlSamples\XamlSamples\XamlSamples.csproj", "{26E3B960-25F8-42B5-A0C4-1548D307FC38}"
EndProject
Global
	GlobalSection(SolutionConfigurationPlatforms) = preSolution
		Ad-Hoc|Any CPU = Ad-Hoc|Any CPU
		Ad-Hoc|iPhone = Ad-Hoc|iPhone
		Ad-Hoc|iPhoneSimulator = Ad-Hoc|iPhoneSimulator
		AppStore|Any CPU = AppStore|Any CPU
		AppStore|iPhone = AppStore|iPhone
		AppStore|iPhoneSimulator = AppStore|iPhoneSimulator
		Debug|Any CPU = Debug|Any CPU
		Debug|iPhone = Debug|iPhone
		Debug|iPhoneSimulator = Debug|iPhoneSimulator
		Release|Any CPU = Release|Any CPU
		Release|iPhone = Release|iPhone
		Release|iPhoneSimulator = Release|iPhoneSimulator
	EndGlobalSection
	GlobalSection(ProjectConfigurationPlatforms) = postSolution
		{4E8F39B5-62F7-490F-9710-B90E595D8CF6}.Ad-Hoc|Any CPU.ActiveCfg = Release|Any CPU
		{4E8F39B5-62F7-490F-9710-B90E595D8CF6}.Ad-Hoc|Any CPU.Build.0 = Release|Any CPU
		{4E8F39B5-62F7-490F-9710-B90E595D8CF6}.Ad-Hoc|Any CPU.Deploy.0 = Release|Any CPU
		{4E8F39B5-62F7-490F-9710-B90E595D8CF6}.Ad-Hoc|iPhone.ActiveCfg = Release|Any CPU
		{4E8F39B5-62F7-490F-9710-B90E595D8CF6}.Ad-Hoc|iPhone.Build.0 = Release|Any CPU
		{4E8F39B5-62F7-490F-9710-B90E595D8CF6}.Ad-Hoc|iPhone.Deploy.0 = Release|Any CPU
		{4E8F39B5-62F7-490F-9710-B90E595D8CF6}.Ad-Hoc|iPhoneSimulator.ActiveCfg = Release|Any CPU
		{4E8F39B5-62F7-490F-9710-B90E595D8CF6}.Ad-Hoc|iPhoneSimulator.Build.0 = Release|Any CPU
		{4E8F39B5-62F7-490F-9710-B90E595D8CF6}.Ad-Hoc|iPhoneSimulator.Deploy.0 = Release|Any CPU
		{4E8F39B5-62F7-490F-9710-B90E595D8CF6}.AppStore|Any CPU.ActiveCfg = Release|Any CPU
		{4E8F39B5-62F7-490F-9710-B90E595D8CF6}.AppStore|Any CPU.Build.0 = Release|Any CPU
		{4E8F39B5-62F7-490F-9710-B90E595D8CF6}.AppStore|Any CPU.Deploy.0 = Release|Any CPU
		{4E8F39B5-62F7-490F-9710-B90E595D8CF6}.AppStore|iPhone.ActiveCfg = Release|Any CPU
		{4E8F39B5-62F7-490F-9710-B90E595D8CF6}.AppStore|iPhone.Build.0 = Release|Any CPU
		{4E8F39B5-62F7-490F-9710-B90E595D8CF6}.AppStore|iPhone.Deploy.0 = Release|Any CPU
		{4E8F39B5-62F7-490F-9710-B90E595D8CF6}.AppStore|iPhoneSimulator.ActiveCfg = Release|Any CPU
		{4E8F39B5-62F7-490F-9710-B90E595D8CF6}.AppStore|iPhoneSimulator.Build.0 = Release|Any CPU
		{4E8F39B5-62F7-490F-9710-B90E595D8CF6}.AppStore|iPhoneSimulator.Deploy.0 = Release|Any CPU
		{4E8F39B5-62F7-490F-9710-B90E595D8CF6}.Debug|Any CPU.ActiveCfg = Debug|Any CPU
		{4E8F39B5-62F7-490F-9710-B90E595D8CF6}.Debug|Any CPU.Build.0 = Debug|Any CPU
		{4E8F39B5-62F7-490F-9710-B90E595D8CF6}.Debug|Any CPU.Deploy.0 = Debug|Any CPU
		{4E8F39B5-62F7-490F-9710-B90E595D8CF6}.Debug|iPhone.ActiveCfg = Debug|Any CPU
		{4E8F39B5-62F7-490F-9710-B90E595D8CF6}.Debug|iPhone.Build.0 = Debug|Any CPU
		{4E8F39B5-62F7-490F-9710-B90E595D8CF6}.Debug|iPhone.Deploy.0 = Debug|Any CPU
		{4E8F39B5-62F7-490F-9710-B90E595D8CF6}.Debug|iPhoneSimulator.ActiveCfg = Debug|Any CPU
		{4E8F39B5-62F7-490F-9710-B90E595D8CF6}.Debug|iPhoneSimulator.Build.0 = Debug|Any CPU
		{4E8F39B5-62F7-490F-9710-B90E595D8CF6}.Debug|iPhoneSimulator.Deploy.0 = Debug|Any CPU
		{4E8F39B5-62F7-490F-9710-B90E595D8CF6}.Release|Any CPU.ActiveCfg = Release|Any CPU
		{4E8F39B5-62F7-490F-9710-B90E595D8CF6}.Release|Any CPU.Build.0 = Release|Any CPU
		{4E8F39B5-62F7-490F-9710-B90E595D8CF6}.Release|Any CPU.Deploy.0 = Release|Any CPU
		{4E8F39B5-62F7-490F-9710-B90E595D8CF6}.Release|iPhone.ActiveCfg = Release|Any CPU
		{4E8F39B5-62F7-490F-9710-B90E595D8CF6}.Release|iPhone.Build.0 = Release|Any CPU
		{4E8F39B5-62F7-490F-9710-B90E595D8CF6}.Release|iPhone.Deploy.0 = Release|Any CPU
		{4E8F39B5-62F7-490F-9710-B90E595D8CF6}.Release|iPhoneSimulator.ActiveCfg = Release|Any CPU
		{4E8F39B5-62F7-490F-9710-B90E595D8CF6}.Release|iPhoneSimulator.Build.0 = Release|Any CPU
		{4E8F39B5-62F7-490F-9710-B90E595D8CF6}.Release|iPhoneSimulator.Deploy.0 = Release|Any CPU
		{1AE5B99A-5B7C-4165-B3E5-A6418DCD43D5}.Ad-Hoc|Any CPU.ActiveCfg = Ad-Hoc|iPhone
		{1AE5B99A-5B7C-4165-B3E5-A6418DCD43D5}.Ad-Hoc|Any CPU.Build.0 = Ad-Hoc|iPhone
		{1AE5B99A-5B7C-4165-B3E5-A6418DCD43D5}.Ad-Hoc|Any CPU.Deploy.0 = Ad-Hoc|iPhone
		{1AE5B99A-5B7C-4165-B3E5-A6418DCD43D5}.Ad-Hoc|iPhone.ActiveCfg = Ad-Hoc|iPhone
		{1AE5B99A-5B7C-4165-B3E5-A6418DCD43D5}.Ad-Hoc|iPhone.Build.0 = Ad-Hoc|iPhone
		{1AE5B99A-5B7C-4165-B3E5-A6418DCD43D5}.Ad-Hoc|iPhone.Deploy.0 = Ad-Hoc|iPhone
		{1AE5B99A-5B7C-4165-B3E5-A6418DCD43D5}.Ad-Hoc|iPhoneSimulator.ActiveCfg = Ad-Hoc|iPhoneSimulator
		{1AE5B99A-5B7C-4165-B3E5-A6418DCD43D5}.Ad-Hoc|iPhoneSimulator.Build.0 = Ad-Hoc|iPhoneSimulator
		{1AE5B99A-5B7C-4165-B3E5-A6418DCD43D5}.Ad-Hoc|iPhoneSimulator.Deploy.0 = Ad-Hoc|iPhoneSimulator
		{1AE5B99A-5B7C-4165-B3E5-A6418DCD43D5}.AppStore|Any CPU.ActiveCfg = AppStore|iPhone
		{1AE5B99A-5B7C-4165-B3E5-A6418DCD43D5}.AppStore|Any CPU.Build.0 = AppStore|iPhone
		{1AE5B99A-5B7C-4165-B3E5-A6418DCD43D5}.AppStore|Any CPU.Deploy.0 = AppStore|iPhone
		{1AE5B99A-5B7C-4165-B3E5-A6418DCD43D5}.AppStore|iPhone.ActiveCfg = AppStore|iPhone
		{1AE5B99A-5B7C-4165-B3E5-A6418DCD43D5}.AppStore|iPhone.Build.0 = AppStore|iPhone
		{1AE5B99A-5B7C-4165-B3E5-A6418DCD43D5}.AppStore|iPhone.Deploy.0 = AppStore|iPhone
		{1AE5B99A-5B7C-4165-B3E5-A6418DCD43D5}.AppStore|iPhoneSimulator.ActiveCfg = AppStore|iPhoneSimulator
		{1AE5B99A-5B7C-4165-B3E5-A6418DCD43D5}.AppStore|iPhoneSimulator.Build.0 = AppStore|iPhoneSimulator
		{1AE5B99A-5B7C-4165-B3E5-A6418DCD43D5}.AppStore|iPhoneSimulator.Deploy.0 = AppStore|iPhoneSimulator
		{1AE5B99A-5B7C-4165-B3E5-A6418DCD43D5}.Debug|Any CPU.ActiveCfg = Debug|iPhone
		{1AE5B99A-5B7C-4165-B3E5-A6418DCD43D5}.Debug|Any CPU.Build.0 = Debug|iPhone
		{1AE5B99A-5B7C-4165-B3E5-A6418DCD43D5}.Debug|Any CPU.Deploy.0 = Debug|iPhone
		{1AE5B99A-5B7C-4165-B3E5-A6418DCD43D5}.Debug|iPhone.ActiveCfg = Debug|iPhone
		{1AE5B99A-5B7C-4165-B3E5-A6418DCD43D5}.Debug|iPhone.Build.0 = Debug|iPhone
		{1AE5B99A-5B7C-4165-B3E5-A6418DCD43D5}.Debug|iPhone.Deploy.0 = Debug|iPhone
		{1AE5B99A-5B7C-4165-B3E5-A6418DCD43D5}.Debug|iPhoneSimulator.ActiveCfg = Debug|iPhoneSimulator
		{1AE5B99A-5B7C-4165-B3E5-A6418DCD43D5}.Debug|iPhoneSimulator.Build.0 = Debug|iPhoneSimulator
		{1AE5B99A-5B7C-4165-B3E5-A6418DCD43D5}.Debug|iPhoneSimulator.Deploy.0 = Debug|iPhoneSimulator
		{1AE5B99A-5B7C-4165-B3E5-A6418DCD43D5}.Release|Any CPU.ActiveCfg = Release|iPhone
		{1AE5B99A-5B7C-4165-B3E5-A6418DCD43D5}.Release|Any CPU.Build.0 = Release|iPhone
		{1AE5B99A-5B7C-4165-B3E5-A6418DCD43D5}.Release|Any CPU.Deploy.0 = Release|iPhone
		{1AE5B99A-5B7C-4165-B3E5-A6418DCD43D5}.Release|iPhone.ActiveCfg = Release|iPhone
		{1AE5B99A-5B7C-4165-B3E5-A6418DCD43D5}.Release|iPhone.Build.0 = Release|iPhone
		{1AE5B99A-5B7C-4165-B3E5-A6418DCD43D5}.Release|iPhone.Deploy.0 = Release|iPhone
		{1AE5B99A-5B7C-4165-B3E5-A6418DCD43D5}.Release|iPhoneSimulator.ActiveCfg = Release|iPhoneSimulator
		{1AE5B99A-5B7C-4165-B3E5-A6418DCD43D5}.Release|iPhoneSimulator.Build.0 = Release|iPhoneSimulator
		{1AE5B99A-5B7C-4165-B3E5-A6418DCD43D5}.Release|iPhoneSimulator.Deploy.0 = Release|iPhoneSimulator
		{26E3B960-25F8-42B5-A0C4-1548D307FC38}.Ad-Hoc|Any CPU.ActiveCfg = Debug|Any CPU
		{26E3B960-25F8-42B5-A0C4-1548D307FC38}.Ad-Hoc|Any CPU.Build.0 = Debug|Any CPU
		{26E3B960-25F8-42B5-A0C4-1548D307FC38}.Ad-Hoc|Any CPU.Deploy.0 = Debug|Any CPU
		{26E3B960-25F8-42B5-A0C4-1548D307FC38}.Ad-Hoc|iPhone.ActiveCfg = Debug|Any CPU
		{26E3B960-25F8-42B5-A0C4-1548D307FC38}.Ad-Hoc|iPhone.Build.0 = Debug|Any CPU
		{26E3B960-25F8-42B5-A0C4-1548D307FC38}.Ad-Hoc|iPhone.Deploy.0 = Debug|Any CPU
		{26E3B960-25F8-42B5-A0C4-1548D307FC38}.Ad-Hoc|iPhoneSimulator.ActiveCfg = Debug|Any CPU
		{26E3B960-25F8-42B5-A0C4-1548D307FC38}.Ad-Hoc|iPhoneSimulator.Build.0 = Debug|Any CPU
		{26E3B960-25F8-42B5-A0C4-1548D307FC38}.Ad-Hoc|iPhoneSimulator.Deploy.0 = Debug|Any CPU
		{26E3B960-25F8-42B5-A0C4-1548D307FC38}.AppStore|Any CPU.ActiveCfg = Debug|Any CPU
		{26E3B960-25F8-42B5-A0C4-1548D307FC38}.AppStore|Any CPU.Build.0 = Debug|Any CPU
		{26E3B960-25F8-42B5-A0C4-1548D307FC38}.AppStore|Any CPU.Deploy.0 = Debug|Any CPU
		{26E3B960-25F8-42B5-A0C4-1548D307FC38}.AppStore|iPhone.ActiveCfg = Debug|Any CPU
		{26E3B960-25F8-42B5-A0C4-1548D307FC38}.AppStore|iPhone.Build.0 = Debug|Any CPU
		{26E3B960-25F8-42B5-A0C4-1548D307FC38}.AppStore|iPhone.Deploy.0 = Debug|Any CPU
		{26E3B960-25F8-42B5-A0C4-1548D307FC38}.AppStore|iPhoneSimulator.ActiveCfg = Debug|Any CPU
		{26E3B960-25F8-42B5-A0C4-1548D307FC38}.AppStore|iPhoneSimulator.Build.0 = Debug|Any CPU
		{26E3B960-25F8-42B5-A0C4-1548D307FC38}.AppStore|iPhoneSimulator.Deploy.0 = Debug|Any CPU
		{26E3B960-25F8-42B5-A0C4-1548D307FC38}.Debug|Any CPU.ActiveCfg = Debug|Any CPU
		{26E3B960-25F8-42B5-A0C4-1548D307FC38}.Debug|Any CPU.Build.0 = Debug|Any CPU
		{26E3B960-25F8-42B5-A0C4-1548D307FC38}.Debug|Any CPU.Deploy.0 = Debug|Any CPU
		{26E3B960-25F8-42B5-A0C4-1548D307FC38}.Debug|iPhone.ActiveCfg = Debug|Any CPU
		{26E3B960-25F8-42B5-A0C4-1548D307FC38}.Debug|iPhone.Build.0 = Debug|Any CPU
		{26E3B960-25F8-42B5-A0C4-1548D307FC38}.Debug|iPhone.Deploy.0 = Debug|Any CPU
		{26E3B960-25F8-42B5-A0C4-1548D307FC38}.Debug|iPhoneSimulator.ActiveCfg = Debug|Any CPU
		{26E3B960-25F8-42B5-A0C4-1548D307FC38}.Debug|iPhoneSimulator.Build.0 = Debug|Any CPU
		{26E3B960-25F8-42B5-A0C4-1548D307FC38}.Debug|iPhoneSimulator.Deploy.0 = Debug|Any CPU
		{26E3B960-25F8-42B5-A0C4-1548D307FC38}.Release|Any CPU.ActiveCfg = Release|Any CPU
		{26E3B960-25F8-42B5-A0C4-1548D307FC38}.Release|Any CPU.Build.0 = Release|Any CPU
		{26E3B960-25F8-42B5-A0C4-1548D307FC38}.Release|Any CPU.Deploy.0 = Release|Any CPU
		{26E3B960-25F8-42B5-A0C4-1548D307FC38}.Release|iPhone.ActiveCfg = Release|Any CPU
		{26E3B960-25F8-42B5-A0C4-1548D307FC38}.Release|iPhone.Build.0 = Release|Any CPU
		{26E3B960-25F8-42B5-A0C4-1548D307FC38}.Release|iPhone.Deploy.0 = Release|Any CPU
		{26E3B960-25F8-42B5-A0C4-1548D307FC38}.Release|iPhoneSimulator.ActiveCfg = Release|Any CPU
		{26E3B960-25F8-42B5-A0C4-1548D307FC38}.Release|iPhoneSimulator.Build.0 = Release|Any CPU
		{26E3B960-25F8-42B5-A0C4-1548D307FC38}.Release|iPhoneSimulator.Deploy.0 = Release|Any CPU
	EndGlobalSection
	GlobalSection(SolutionProperties) = preSolution
		HideSolutionNode = FALSE
	EndGlobalSection
	GlobalSection(ExtensibilityGlobals) = postSolution
		SolutionGuid = {91FFE841-6D0C-48ED-822F-E97C9318DB20}
	EndGlobalSection
EndGlobal
