
Microsoft Visual Studio Solution File, Format Version 12.00
# Visual Studio 15
VisualStudioVersion = 15.0.28010.0
MinimumVisualStudioVersion = 10.0.40219.1
Project("{FAE04EC0-301F-11D3-BF4B-00C04F79EFBC}") = "App1.Android", "App1\App1.Android\App1.Android.csproj", "{AD9670AE-8300-460A-84C3-C7F5DD0C384D}"
EndProject
Project("{FAE04EC0-301F-11D3-BF4B-00C04F79EFBC}") = "App1.iOS", "App1\App1.iOS\App1.iOS.csproj", "{FC78F496-FA83-46CD-8B85-A1983B6F43D3}"
EndProject
Project("{FAE04EC0-301F-11D3-BF4B-00C04F79EFBC}") = "App1", "App1\App1\App1.csproj", "{2EA82AFF-DCAF-4458-A3B5-6B452428E668}"
EndProject
Global
	GlobalSection(SolutionConfigurationPlatforms) = preSolution
		Ad-Hoc|Any CPU = Ad-Hoc|Any CPU
		Ad-Hoc|iPhone = Ad-Hoc|iPhone
		Ad-Hoc|iPhoneSimulator = Ad-Hoc|iPhoneSimulator
		AppStore|Any CPU = AppStore|Any CPU
		AppStore|iPhone = AppStore|iPhone
		AppStore|iPhoneSimulator = AppStore|iPhoneSimulator
		Debug|Any CPU = Debug|Any CPU
		Debug|iPhone = Debug|iPhone
		Debug|iPhoneSimulator = Debug|iPhoneSimulator
		Release|Any CPU = Release|Any CPU
		Release|iPhone = Release|iPhone
		Release|iPhoneSimulator = Release|iPhoneSimulator
	EndGlobalSection
	GlobalSection(ProjectConfigurationPlatforms) = postSolution
		{AD9670AE-8300-460A-84C3-C7F5DD0C384D}.Ad-Hoc|Any CPU.ActiveCfg = Release|Any CPU
		{AD9670AE-8300-460A-84C3-C7F5DD0C384D}.Ad-Hoc|Any CPU.Build.0 = Release|Any CPU
		{AD9670AE-8300-460A-84C3-C7F5DD0C384D}.Ad-Hoc|Any CPU.Deploy.0 = Release|Any CPU
		{AD9670AE-8300-460A-84C3-C7F5DD0C384D}.Ad-Hoc|iPhone.ActiveCfg = Release|Any CPU
		{AD9670AE-8300-460A-84C3-C7F5DD0C384D}.Ad-Hoc|iPhone.Build.0 = Release|Any CPU
		{AD9670AE-8300-460A-84C3-C7F5DD0C384D}.Ad-Hoc|iPhone.Deploy.0 = Release|Any CPU
		{AD9670AE-8300-460A-84C3-C7F5DD0C384D}.Ad-Hoc|iPhoneSimulator.ActiveCfg = Release|Any CPU
		{AD9670AE-8300-460A-84C3-C7F5DD0C384D}.Ad-Hoc|iPhoneSimulator.Build.0 = Release|Any CPU
		{AD9670AE-8300-460A-84C3-C7F5DD0C384D}.Ad-Hoc|iPhoneSimulator.Deploy.0 = Release|Any CPU
		{AD9670AE-8300-460A-84C3-C7F5DD0C384D}.AppStore|Any CPU.ActiveCfg = Release|Any CPU
		{AD9670AE-8300-460A-84C3-C7F5DD0C384D}.AppStore|Any CPU.Build.0 = Release|Any CPU
		{AD9670AE-8300-460A-84C3-C7F5DD0C384D}.AppStore|Any CPU.Deploy.0 = Release|Any CPU
		{AD9670AE-8300-460A-84C3-C7F5DD0C384D}.AppStore|iPhone.ActiveCfg = Release|Any CPU
		{AD9670AE-8300-460A-84C3-C7F5DD0C384D}.AppStore|iPhone.Build.0 = Release|Any CPU
		{AD9670AE-8300-460A-84C3-C7F5DD0C384D}.AppStore|iPhone.Deploy.0 = Release|Any CPU
		{AD9670AE-8300-460A-84C3-C7F5DD0C384D}.AppStore|iPhoneSimulator.ActiveCfg = Release|Any CPU
		{AD9670AE-8300-460A-84C3-C7F5DD0C384D}.AppStore|iPhoneSimulator.Build.0 = Release|Any CPU
		{AD9670AE-8300-460A-84C3-C7F5DD0C384D}.AppStore|iPhoneSimulator.Deploy.0 = Release|Any CPU
		{AD9670AE-8300-460A-84C3-C7F5DD0C384D}.Debug|Any CPU.ActiveCfg = Debug|Any CPU
		{AD9670AE-8300-460A-84C3-C7F5DD0C384D}.Debug|Any CPU.Build.0 = Debug|Any CPU
		{AD9670AE-8300-460A-84C3-C7F5DD0C384D}.Debug|Any CPU.Deploy.0 = Debug|Any CPU
		{AD9670AE-8300-460A-84C3-C7F5DD0C384D}.Debug|iPhone.ActiveCfg = Debug|Any CPU
		{AD9670AE-8300-460A-84C3-C7F5DD0C384D}.Debug|iPhone.Build.0 = Debug|Any CPU
		{AD9670AE-8300-460A-84C3-C7F5DD0C384D}.Debug|iPhone.Deploy.0 = Debug|Any CPU
		{AD9670AE-8300-460A-84C3-C7F5DD0C384D}.Debug|iPhoneSimulator.ActiveCfg = Debug|Any CPU
		{AD9670AE-8300-460A-84C3-C7F5DD0C384D}.Debug|iPhoneSimulator.Build.0 = Debug|Any CPU
		{AD9670AE-8300-460A-84C3-C7F5DD0C384D}.Debug|iPhoneSimulator.Deploy.0 = Debug|Any CPU
		{AD9670AE-8300-460A-84C3-C7F5DD0C384D}.Release|Any CPU.ActiveCfg = Release|Any CPU
		{AD9670AE-8300-460A-84C3-C7F5DD0C384D}.Release|Any CPU.Build.0 = Release|Any CPU
		{AD9670AE-8300-460A-84C3-C7F5DD0C384D}.Release|Any CPU.Deploy.0 = Release|Any CPU
		{AD9670AE-8300-460A-84C3-C7F5DD0C384D}.Release|iPhone.ActiveCfg = Release|Any CPU
		{AD9670AE-8300-460A-84C3-C7F5DD0C384D}.Release|iPhone.Build.0 = Release|Any CPU
		{AD9670AE-8300-460A-84C3-C7F5DD0C384D}.Release|iPhone.Deploy.0 = Release|Any CPU
		{AD9670AE-8300-460A-84C3-C7F5DD0C384D}.Release|iPhoneSimulator.ActiveCfg = Release|Any CPU
		{AD9670AE-8300-460A-84C3-C7F5DD0C384D}.Release|iPhoneSimulator.Build.0 = Release|Any CPU
		{AD9670AE-8300-460A-84C3-C7F5DD0C384D}.Release|iPhoneSimulator.Deploy.0 = Release|Any CPU
		{FC78F496-FA83-46CD-8B85-A1983B6F43D3}.Ad-Hoc|Any CPU.ActiveCfg = Ad-Hoc|iPhone
		{FC78F496-FA83-46CD-8B85-A1983B6F43D3}.Ad-Hoc|Any CPU.Build.0 = Ad-Hoc|iPhone
		{FC78F496-FA83-46CD-8B85-A1983B6F43D3}.Ad-Hoc|Any CPU.Deploy.0 = Ad-Hoc|iPhone
		{FC78F496-FA83-46CD-8B85-A1983B6F43D3}.Ad-Hoc|iPhone.ActiveCfg = Ad-Hoc|iPhone
		{FC78F496-FA83-46CD-8B85-A1983B6F43D3}.Ad-Hoc|iPhone.Build.0 = Ad-Hoc|iPhone
		{FC78F496-FA83-46CD-8B85-A1983B6F43D3}.Ad-Hoc|iPhone.Deploy.0 = Ad-Hoc|iPhone
		{FC78F496-FA83-46CD-8B85-A1983B6F43D3}.Ad-Hoc|iPhoneSimulator.ActiveCfg = Ad-Hoc|iPhoneSimulator
		{FC78F496-FA83-46CD-8B85-A1983B6F43D3}.Ad-Hoc|iPhoneSimulator.Build.0 = Ad-Hoc|iPhoneSimulator
		{FC78F496-FA83-46CD-8B85-A1983B6F43D3}.Ad-Hoc|iPhoneSimulator.Deploy.0 = Ad-Hoc|iPhoneSimulator
		{FC78F496-FA83-46CD-8B85-A1983B6F43D3}.AppStore|Any CPU.ActiveCfg = AppStore|iPhone
		{FC78F496-FA83-46CD-8B85-A1983B6F43D3}.AppStore|Any CPU.Build.0 = AppStore|iPhone
		{FC78F496-FA83-46CD-8B85-A1983B6F43D3}.AppStore|Any CPU.Deploy.0 = AppStore|iPhone
		{FC78F496-FA83-46CD-8B85-A1983B6F43D3}.AppStore|iPhone.ActiveCfg = AppStore|iPhone
		{FC78F496-FA83-46CD-8B85-A1983B6F43D3}.AppStore|iPhone.Build.0 = AppStore|iPhone
		{FC78F496-FA83-46CD-8B85-A1983B6F43D3}.AppStore|iPhone.Deploy.0 = AppStore|iPhone
		{FC78F496-FA83-46CD-8B85-A1983B6F43D3}.AppStore|iPhoneSimulator.ActiveCfg = AppStore|iPhoneSimulator
		{FC78F496-FA83-46CD-8B85-A1983B6F43D3}.AppStore|iPhoneSimulator.Build.0 = AppStore|iPhoneSimulator
		{FC78F496-FA83-46CD-8B85-A1983B6F43D3}.AppStore|iPhoneSimulator.Deploy.0 = AppStore|iPhoneSimulator
		{FC78F496-FA83-46CD-8B85-A1983B6F43D3}.Debug|Any CPU.ActiveCfg = Debug|iPhone
		{FC78F496-FA83-46CD-8B85-A1983B6F43D3}.Debug|Any CPU.Build.0 = Debug|iPhone
		{FC78F496-FA83-46CD-8B85-A1983B6F43D3}.Debug|Any CPU.Deploy.0 = Debug|iPhone
		{FC78F496-FA83-46CD-8B85-A1983B6F43D3}.Debug|iPhone.ActiveCfg = Debug|iPhone
		{FC78F496-FA83-46CD-8B85-A1983B6F43D3}.Debug|iPhone.Build.0 = Debug|iPhone
		{FC78F496-FA83-46CD-8B85-A1983B6F43D3}.Debug|iPhone.Deploy.0 = Debug|iPhone
		{FC78F496-FA83-46CD-8B85-A1983B6F43D3}.Debug|iPhoneSimulator.ActiveCfg = Debug|iPhoneSimulator
		{FC78F496-FA83-46CD-8B85-A1983B6F43D3}.Debug|iPhoneSimulator.Build.0 = Debug|iPhoneSimulator
		{FC78F496-FA83-46CD-8B85-A1983B6F43D3}.Debug|iPhoneSimulator.Deploy.0 = Debug|iPhoneSimulator
		{FC78F496-FA83-46CD-8B85-A1983B6F43D3}.Release|Any CPU.ActiveCfg = Release|iPhone
		{FC78F496-FA83-46CD-8B85-A1983B6F43D3}.Release|Any CPU.Build.0 = Release|iPhone
		{FC78F496-FA83-46CD-8B85-A1983B6F43D3}.Release|Any CPU.Deploy.0 = Release|iPhone
		{FC78F496-FA83-46CD-8B85-A1983B6F43D3}.Release|iPhone.ActiveCfg = Release|iPhone
		{FC78F496-FA83-46CD-8B85-A1983B6F43D3}.Release|iPhone.Build.0 = Release|iPhone
		{FC78F496-FA83-46CD-8B85-A1983B6F43D3}.Release|iPhone.Deploy.0 = Release|iPhone
		{FC78F496-FA83-46CD-8B85-A1983B6F43D3}.Release|iPhoneSimulator.ActiveCfg = Release|iPhoneSimulator
		{FC78F496-FA83-46CD-8B85-A1983B6F43D3}.Release|iPhoneSimulator.Build.0 = Release|iPhoneSimulator
		{FC78F496-FA83-46CD-8B85-A1983B6F43D3}.Release|iPhoneSimulator.Deploy.0 = Release|iPhoneSimulator
		{2EA82AFF-DCAF-4458-A3B5-6B452428E668}.Ad-Hoc|Any CPU.ActiveCfg = Debug|Any CPU
		{2EA82AFF-DCAF-4458-A3B5-6B452428E668}.Ad-Hoc|Any CPU.Build.0 = Debug|Any CPU
		{2EA82AFF-DCAF-4458-A3B5-6B452428E668}.Ad-Hoc|Any CPU.Deploy.0 = Debug|Any CPU
		{2EA82AFF-DCAF-4458-A3B5-6B452428E668}.Ad-Hoc|iPhone.ActiveCfg = Debug|Any CPU
		{2EA82AFF-DCAF-4458-A3B5-6B452428E668}.Ad-Hoc|iPhone.Build.0 = Debug|Any CPU
		{2EA82AFF-DCAF-4458-A3B5-6B452428E668}.Ad-Hoc|iPhone.Deploy.0 = Debug|Any CPU
		{2EA82AFF-DCAF-4458-A3B5-6B452428E668}.Ad-Hoc|iPhoneSimulator.ActiveCfg = Debug|Any CPU
		{2EA82AFF-DCAF-4458-A3B5-6B452428E668}.Ad-Hoc|iPhoneSimulator.Build.0 = Debug|Any CPU
		{2EA82AFF-DCAF-4458-A3B5-6B452428E668}.Ad-Hoc|iPhoneSimulator.Deploy.0 = Debug|Any CPU
		{2EA82AFF-DCAF-4458-A3B5-6B452428E668}.AppStore|Any CPU.ActiveCfg = Debug|Any CPU
		{2EA82AFF-DCAF-4458-A3B5-6B452428E668}.AppStore|Any CPU.Build.0 = Debug|Any CPU
		{2EA82AFF-DCAF-4458-A3B5-6B452428E668}.AppStore|Any CPU.Deploy.0 = Debug|Any CPU
		{2EA82AFF-DCAF-4458-A3B5-6B452428E668}.AppStore|iPhone.ActiveCfg = Debug|Any CPU
		{2EA82AFF-DCAF-4458-A3B5-6B452428E668}.AppStore|iPhone.Build.0 = Debug|Any CPU
		{2EA82AFF-DCAF-4458-A3B5-6B452428E668}.AppStore|iPhone.Deploy.0 = Debug|Any CPU
		{2EA82AFF-DCAF-4458-A3B5-6B452428E668}.AppStore|iPhoneSimulator.ActiveCfg = Debug|Any CPU
		{2EA82AFF-DCAF-4458-A3B5-6B452428E668}.AppStore|iPhoneSimulator.Build.0 = Debug|Any CPU
		{2EA82AFF-DCAF-4458-A3B5-6B452428E668}.AppStore|iPhoneSimulator.Deploy.0 = Debug|Any CPU
		{2EA82AFF-DCAF-4458-A3B5-6B452428E668}.Debug|Any CPU.ActiveCfg = Debug|Any CPU
		{2EA82AFF-DCAF-4458-A3B5-6B452428E668}.Debug|Any CPU.Build.0 = Debug|Any CPU
		{2EA82AFF-DCAF-4458-A3B5-6B452428E668}.Debug|Any CPU.Deploy.0 = Debug|Any CPU
		{2EA82AFF-DCAF-4458-A3B5-6B452428E668}.Debug|iPhone.ActiveCfg = Debug|Any CPU
		{2EA82AFF-DCAF-4458-A3B5-6B452428E668}.Debug|iPhone.Build.0 = Debug|Any CPU
		{2EA82AFF-DCAF-4458-A3B5-6B452428E668}.Debug|iPhone.Deploy.0 = Debug|Any CPU
		{2EA82AFF-DCAF-4458-A3B5-6B452428E668}.Debug|iPhoneSimulator.ActiveCfg = Debug|Any CPU
		{2EA82AFF-DCAF-4458-A3B5-6B452428E668}.Debug|iPhoneSimulator.Build.0 = Debug|Any CPU
		{2EA82AFF-DCAF-4458-A3B5-6B452428E668}.Debug|iPhoneSimulator.Deploy.0 = Debug|Any CPU
		{2EA82AFF-DCAF-4458-A3B5-6B452428E668}.Release|Any CPU.ActiveCfg = Release|Any CPU
		{2EA82AFF-DCAF-4458-A3B5-6B452428E668}.Release|Any CPU.Build.0 = Release|Any CPU
		{2EA82AFF-DCAF-4458-A3B5-6B452428E668}.Release|Any CPU.Deploy.0 = Release|Any CPU
		{2EA82AFF-DCAF-4458-A3B5-6B452428E668}.Release|iPhone.ActiveCfg = Release|Any CPU
		{2EA82AFF-DCAF-4458-A3B5-6B452428E668}.Release|iPhone.Build.0 = Release|Any CPU
		{2EA82AFF-DCAF-4458-A3B5-6B452428E668}.Release|iPhone.Deploy.0 = Release|Any CPU
		{2EA82AFF-DCAF-4458-A3B5-6B452428E668}.Release|iPhoneSimulator.ActiveCfg = Release|Any CPU
		{2EA82AFF-DCAF-4458-A3B5-6B452428E668}.Release|iPhoneSimulator.Build.0 = Release|Any CPU
		{2EA82AFF-DCAF-4458-A3B5-6B452428E668}.Release|iPhoneSimulator.Deploy.0 = Release|Any CPU
	EndGlobalSection
	GlobalSection(SolutionProperties) = preSolution
		HideSolutionNode = FALSE
	EndGlobalSection
	GlobalSection(ExtensibilityGlobals) = postSolution
		SolutionGuid = {DA305FDD-40ED-4356-B72C-EF1DDE02C7D9}
	EndGlobalSection
EndGlobal
