
Microsoft Visual Studio Solution File, Format Version 12.00
# Visual Studio 15
VisualStudioVersion = 15.0.28010.0
MinimumVisualStudioVersion = 10.0.40219.1
Project("{FAE04EC0-301F-11D3-BF4B-00C04F79EFBC}") = "HelloXamlSample.Android", "HelloXamlSample\HelloXamlSample.Android\HelloXamlSample.Android.csproj", "{719C9CF6-B67B-4666-8F2E-126E7C4A1864}"
EndProject
Project("{FAE04EC0-301F-11D3-BF4B-00C04F79EFBC}") = "HelloXamlSample.iOS", "HelloXamlSample\HelloXamlSample.iOS\HelloXamlSample.iOS.csproj", "{C5F0D48F-3839-4B52-88E3-E77C9690224E}"
EndProject
Project("{FAE04EC0-301F-11D3-BF4B-00C04F79EFBC}") = "HelloXamlSample", "HelloXamlSample\HelloXamlSample\HelloXamlSample.csproj", "{50FCE819-91B1-45AB-946A-79E451B8E0D4}"
EndProject
Global
	GlobalSection(SolutionConfigurationPlatforms) = preSolution
		Ad-Hoc|Any CPU = Ad-Hoc|Any CPU
		Ad-Hoc|iPhone = Ad-Hoc|iPhone
		Ad-Hoc|iPhoneSimulator = Ad-Hoc|iPhoneSimulator
		AppStore|Any CPU = AppStore|Any CPU
		AppStore|iPhone = AppStore|iPhone
		AppStore|iPhoneSimulator = AppStore|iPhoneSimulator
		Debug|Any CPU = Debug|Any CPU
		Debug|iPhone = Debug|iPhone
		Debug|iPhoneSimulator = Debug|iPhoneSimulator
		Release|Any CPU = Release|Any CPU
		Release|iPhone = Release|iPhone
		Release|iPhoneSimulator = Release|iPhoneSimulator
	EndGlobalSection
	GlobalSection(ProjectConfigurationPlatforms) = postSolution
		{719C9CF6-B67B-4666-8F2E-126E7C4A1864}.Ad-Hoc|Any CPU.ActiveCfg = Release|Any CPU
		{719C9CF6-B67B-4666-8F2E-126E7C4A1864}.Ad-Hoc|Any CPU.Build.0 = Release|Any CPU
		{719C9CF6-B67B-4666-8F2E-126E7C4A1864}.Ad-Hoc|Any CPU.Deploy.0 = Release|Any CPU
		{719C9CF6-B67B-4666-8F2E-126E7C4A1864}.Ad-Hoc|iPhone.ActiveCfg = Release|Any CPU
		{719C9CF6-B67B-4666-8F2E-126E7C4A1864}.Ad-Hoc|iPhone.Build.0 = Release|Any CPU
		{719C9CF6-B67B-4666-8F2E-126E7C4A1864}.Ad-Hoc|iPhone.Deploy.0 = Release|Any CPU
		{719C9CF6-B67B-4666-8F2E-126E7C4A1864}.Ad-Hoc|iPhoneSimulator.ActiveCfg = Release|Any CPU
		{719C9CF6-B67B-4666-8F2E-126E7C4A1864}.Ad-Hoc|iPhoneSimulator.Build.0 = Release|Any CPU
		{719C9CF6-B67B-4666-8F2E-126E7C4A1864}.Ad-Hoc|iPhoneSimulator.Deploy.0 = Release|Any CPU
		{719C9CF6-B67B-4666-8F2E-126E7C4A1864}.AppStore|Any CPU.ActiveCfg = Release|Any CPU
		{719C9CF6-B67B-4666-8F2E-126E7C4A1864}.AppStore|Any CPU.Build.0 = Release|Any CPU
		{719C9CF6-B67B-4666-8F2E-126E7C4A1864}.AppStore|Any CPU.Deploy.0 = Release|Any CPU
		{719C9CF6-B67B-4666-8F2E-126E7C4A1864}.AppStore|iPhone.ActiveCfg = Release|Any CPU
		{719C9CF6-B67B-4666-8F2E-126E7C4A1864}.AppStore|iPhone.Build.0 = Release|Any CPU
		{719C9CF6-B67B-4666-8F2E-126E7C4A1864}.AppStore|iPhone.Deploy.0 = Release|Any CPU
		{719C9CF6-B67B-4666-8F2E-126E7C4A1864}.AppStore|iPhoneSimulator.ActiveCfg = Release|Any CPU
		{719C9CF6-B67B-4666-8F2E-126E7C4A1864}.AppStore|iPhoneSimulator.Build.0 = Release|Any CPU
		{719C9CF6-B67B-4666-8F2E-126E7C4A1864}.AppStore|iPhoneSimulator.Deploy.0 = Release|Any CPU
		{719C9CF6-B67B-4666-8F2E-126E7C4A1864}.Debug|Any CPU.ActiveCfg = Debug|Any CPU
		{719C9CF6-B67B-4666-8F2E-126E7C4A1864}.Debug|Any CPU.Build.0 = Debug|Any CPU
		{719C9CF6-B67B-4666-8F2E-126E7C4A1864}.Debug|Any CPU.Deploy.0 = Debug|Any CPU
		{719C9CF6-B67B-4666-8F2E-126E7C4A1864}.Debug|iPhone.ActiveCfg = Debug|Any CPU
		{719C9CF6-B67B-4666-8F2E-126E7C4A1864}.Debug|iPhone.Build.0 = Debug|Any CPU
		{719C9CF6-B67B-4666-8F2E-126E7C4A1864}.Debug|iPhone.Deploy.0 = Debug|Any CPU
		{719C9CF6-B67B-4666-8F2E-126E7C4A1864}.Debug|iPhoneSimulator.ActiveCfg = Debug|Any CPU
		{719C9CF6-B67B-4666-8F2E-126E7C4A1864}.Debug|iPhoneSimulator.Build.0 = Debug|Any CPU
		{719C9CF6-B67B-4666-8F2E-126E7C4A1864}.Debug|iPhoneSimulator.Deploy.0 = Debug|Any CPU
		{719C9CF6-B67B-4666-8F2E-126E7C4A1864}.Release|Any CPU.ActiveCfg = Release|Any CPU
		{719C9CF6-B67B-4666-8F2E-126E7C4A1864}.Release|Any CPU.Build.0 = Release|Any CPU
		{719C9CF6-B67B-4666-8F2E-126E7C4A1864}.Release|Any CPU.Deploy.0 = Release|Any CPU
		{719C9CF6-B67B-4666-8F2E-126E7C4A1864}.Release|iPhone.ActiveCfg = Release|Any CPU
		{719C9CF6-B67B-4666-8F2E-126E7C4A1864}.Release|iPhone.Build.0 = Release|Any CPU
		{719C9CF6-B67B-4666-8F2E-126E7C4A1864}.Release|iPhone.Deploy.0 = Release|Any CPU
		{719C9CF6-B67B-4666-8F2E-126E7C4A1864}.Release|iPhoneSimulator.ActiveCfg = Release|Any CPU
		{719C9CF6-B67B-4666-8F2E-126E7C4A1864}.Release|iPhoneSimulator.Build.0 = Release|Any CPU
		{719C9CF6-B67B-4666-8F2E-126E7C4A1864}.Release|iPhoneSimulator.Deploy.0 = Release|Any CPU
		{C5F0D48F-3839-4B52-88E3-E77C9690224E}.Ad-Hoc|Any CPU.ActiveCfg = Ad-Hoc|iPhone
		{C5F0D48F-3839-4B52-88E3-E77C9690224E}.Ad-Hoc|Any CPU.Build.0 = Ad-Hoc|iPhone
		{C5F0D48F-3839-4B52-88E3-E77C9690224E}.Ad-Hoc|Any CPU.Deploy.0 = Ad-Hoc|iPhone
		{C5F0D48F-3839-4B52-88E3-E77C9690224E}.Ad-Hoc|iPhone.ActiveCfg = Ad-Hoc|iPhone
		{C5F0D48F-3839-4B52-88E3-E77C9690224E}.Ad-Hoc|iPhone.Build.0 = Ad-Hoc|iPhone
		{C5F0D48F-3839-4B52-88E3-E77C9690224E}.Ad-Hoc|iPhone.Deploy.0 = Ad-Hoc|iPhone
		{C5F0D48F-3839-4B52-88E3-E77C9690224E}.Ad-Hoc|iPhoneSimulator.ActiveCfg = Ad-Hoc|iPhoneSimulator
		{C5F0D48F-3839-4B52-88E3-E77C9690224E}.Ad-Hoc|iPhoneSimulator.Build.0 = Ad-Hoc|iPhoneSimulator
		{C5F0D48F-3839-4B52-88E3-E77C9690224E}.Ad-Hoc|iPhoneSimulator.Deploy.0 = Ad-Hoc|iPhoneSimulator
		{C5F0D48F-3839-4B52-88E3-E77C9690224E}.AppStore|Any CPU.ActiveCfg = AppStore|iPhone
		{C5F0D48F-3839-4B52-88E3-E77C9690224E}.AppStore|Any CPU.Build.0 = AppStore|iPhone
		{C5F0D48F-3839-4B52-88E3-E77C9690224E}.AppStore|Any CPU.Deploy.0 = AppStore|iPhone
		{C5F0D48F-3839-4B52-88E3-E77C9690224E}.AppStore|iPhone.ActiveCfg = AppStore|iPhone
		{C5F0D48F-3839-4B52-88E3-E77C9690224E}.AppStore|iPhone.Build.0 = AppStore|iPhone
		{C5F0D48F-3839-4B52-88E3-E77C9690224E}.AppStore|iPhone.Deploy.0 = AppStore|iPhone
		{C5F0D48F-3839-4B52-88E3-E77C9690224E}.AppStore|iPhoneSimulator.ActiveCfg = AppStore|iPhoneSimulator
		{C5F0D48F-3839-4B52-88E3-E77C9690224E}.AppStore|iPhoneSimulator.Build.0 = AppStore|iPhoneSimulator
		{C5F0D48F-3839-4B52-88E3-E77C9690224E}.AppStore|iPhoneSimulator.Deploy.0 = AppStore|iPhoneSimulator
		{C5F0D48F-3839-4B52-88E3-E77C9690224E}.Debug|Any CPU.ActiveCfg = Debug|iPhone
		{C5F0D48F-3839-4B52-88E3-E77C9690224E}.Debug|Any CPU.Build.0 = Debug|iPhone
		{C5F0D48F-3839-4B52-88E3-E77C9690224E}.Debug|Any CPU.Deploy.0 = Debug|iPhone
		{C5F0D48F-3839-4B52-88E3-E77C9690224E}.Debug|iPhone.ActiveCfg = Debug|iPhone
		{C5F0D48F-3839-4B52-88E3-E77C9690224E}.Debug|iPhone.Build.0 = Debug|iPhone
		{C5F0D48F-3839-4B52-88E3-E77C9690224E}.Debug|iPhone.Deploy.0 = Debug|iPhone
		{C5F0D48F-3839-4B52-88E3-E77C9690224E}.Debug|iPhoneSimulator.ActiveCfg = Debug|iPhoneSimulator
		{C5F0D48F-3839-4B52-88E3-E77C9690224E}.Debug|iPhoneSimulator.Build.0 = Debug|iPhoneSimulator
		{C5F0D48F-3839-4B52-88E3-E77C9690224E}.Debug|iPhoneSimulator.Deploy.0 = Debug|iPhoneSimulator
		{C5F0D48F-3839-4B52-88E3-E77C9690224E}.Release|Any CPU.ActiveCfg = Release|iPhone
		{C5F0D48F-3839-4B52-88E3-E77C9690224E}.Release|Any CPU.Build.0 = Release|iPhone
		{C5F0D48F-3839-4B52-88E3-E77C9690224E}.Release|Any CPU.Deploy.0 = Release|iPhone
		{C5F0D48F-3839-4B52-88E3-E77C9690224E}.Release|iPhone.ActiveCfg = Release|iPhone
		{C5F0D48F-3839-4B52-88E3-E77C9690224E}.Release|iPhone.Build.0 = Release|iPhone
		{C5F0D48F-3839-4B52-88E3-E77C9690224E}.Release|iPhone.Deploy.0 = Release|iPhone
		{C5F0D48F-3839-4B52-88E3-E77C9690224E}.Release|iPhoneSimulator.ActiveCfg = Release|iPhoneSimulator
		{C5F0D48F-3839-4B52-88E3-E77C9690224E}.Release|iPhoneSimulator.Build.0 = Release|iPhoneSimulator
		{C5F0D48F-3839-4B52-88E3-E77C9690224E}.Release|iPhoneSimulator.Deploy.0 = Release|iPhoneSimulator
		{50FCE819-91B1-45AB-946A-79E451B8E0D4}.Ad-Hoc|Any CPU.ActiveCfg = Debug|Any CPU
		{50FCE819-91B1-45AB-946A-79E451B8E0D4}.Ad-Hoc|Any CPU.Build.0 = Debug|Any CPU
		{50FCE819-91B1-45AB-946A-79E451B8E0D4}.Ad-Hoc|Any CPU.Deploy.0 = Debug|Any CPU
		{50FCE819-91B1-45AB-946A-79E451B8E0D4}.Ad-Hoc|iPhone.ActiveCfg = Debug|Any CPU
		{50FCE819-91B1-45AB-946A-79E451B8E0D4}.Ad-Hoc|iPhone.Build.0 = Debug|Any CPU
		{50FCE819-91B1-45AB-946A-79E451B8E0D4}.Ad-Hoc|iPhone.Deploy.0 = Debug|Any CPU
		{50FCE819-91B1-45AB-946A-79E451B8E0D4}.Ad-Hoc|iPhoneSimulator.ActiveCfg = Debug|Any CPU
		{50FCE819-91B1-45AB-946A-79E451B8E0D4}.Ad-Hoc|iPhoneSimulator.Build.0 = Debug|Any CPU
		{50FCE819-91B1-45AB-946A-79E451B8E0D4}.Ad-Hoc|iPhoneSimulator.Deploy.0 = Debug|Any CPU
		{50FCE819-91B1-45AB-946A-79E451B8E0D4}.AppStore|Any CPU.ActiveCfg = Debug|Any CPU
		{50FCE819-91B1-45AB-946A-79E451B8E0D4}.AppStore|Any CPU.Build.0 = Debug|Any CPU
		{50FCE819-91B1-45AB-946A-79E451B8E0D4}.AppStore|Any CPU.Deploy.0 = Debug|Any CPU
		{50FCE819-91B1-45AB-946A-79E451B8E0D4}.AppStore|iPhone.ActiveCfg = Debug|Any CPU
		{50FCE819-91B1-45AB-946A-79E451B8E0D4}.AppStore|iPhone.Build.0 = Debug|Any CPU
		{50FCE819-91B1-45AB-946A-79E451B8E0D4}.AppStore|iPhone.Deploy.0 = Debug|Any CPU
		{50FCE819-91B1-45AB-946A-79E451B8E0D4}.AppStore|iPhoneSimulator.ActiveCfg = Debug|Any CPU
		{50FCE819-91B1-45AB-946A-79E451B8E0D4}.AppStore|iPhoneSimulator.Build.0 = Debug|Any CPU
		{50FCE819-91B1-45AB-946A-79E451B8E0D4}.AppStore|iPhoneSimulator.Deploy.0 = Debug|Any CPU
		{50FCE819-91B1-45AB-946A-79E451B8E0D4}.Debug|Any CPU.ActiveCfg = Debug|Any CPU
		{50FCE819-91B1-45AB-946A-79E451B8E0D4}.Debug|Any CPU.Build.0 = Debug|Any CPU
		{50FCE819-91B1-45AB-946A-79E451B8E0D4}.Debug|Any CPU.Deploy.0 = Debug|Any CPU
		{50FCE819-91B1-45AB-946A-79E451B8E0D4}.Debug|iPhone.ActiveCfg = Debug|Any CPU
		{50FCE819-91B1-45AB-946A-79E451B8E0D4}.Debug|iPhone.Build.0 = Debug|Any CPU
		{50FCE819-91B1-45AB-946A-79E451B8E0D4}.Debug|iPhone.Deploy.0 = Debug|Any CPU
		{50FCE819-91B1-45AB-946A-79E451B8E0D4}.Debug|iPhoneSimulator.ActiveCfg = Debug|Any CPU
		{50FCE819-91B1-45AB-946A-79E451B8E0D4}.Debug|iPhoneSimulator.Build.0 = Debug|Any CPU
		{50FCE819-91B1-45AB-946A-79E451B8E0D4}.Debug|iPhoneSimulator.Deploy.0 = Debug|Any CPU
		{50FCE819-91B1-45AB-946A-79E451B8E0D4}.Release|Any CPU.ActiveCfg = Release|Any CPU
		{50FCE819-91B1-45AB-946A-79E451B8E0D4}.Release|Any CPU.Build.0 = Release|Any CPU
		{50FCE819-91B1-45AB-946A-79E451B8E0D4}.Release|Any CPU.Deploy.0 = Release|Any CPU
		{50FCE819-91B1-45AB-946A-79E451B8E0D4}.Release|iPhone.ActiveCfg = Release|Any CPU
		{50FCE819-91B1-45AB-946A-79E451B8E0D4}.Release|iPhone.Build.0 = Release|Any CPU
		{50FCE819-91B1-45AB-946A-79E451B8E0D4}.Release|iPhone.Deploy.0 = Release|Any CPU
		{50FCE819-91B1-45AB-946A-79E451B8E0D4}.Release|iPhoneSimulator.ActiveCfg = Release|Any CPU
		{50FCE819-91B1-45AB-946A-79E451B8E0D4}.Release|iPhoneSimulator.Build.0 = Release|Any CPU
		{50FCE819-91B1-45AB-946A-79E451B8E0D4}.Release|iPhoneSimulator.Deploy.0 = Release|Any CPU
	EndGlobalSection
	GlobalSection(SolutionProperties) = preSolution
		HideSolutionNode = FALSE
	EndGlobalSection
	GlobalSection(ExtensibilityGlobals) = postSolution
		SolutionGuid = {FA3B3D31-9475-498C-9FFF-8811645B8F77}
	EndGlobalSection
EndGlobal
